
Microsoft Visual Studio Solution File, Format Version 12.00
# Visual Studio Version 17
VisualStudioVersion = 17.0.31903.59
MinimumVisualStudioVersion = 10.0.40219.1
Project("{FAE04EC0-301F-11D3-BF4B-00C04F79EFBC}") = "Proto", "Proto\Proto.csproj", "{0FB43BBC-41CA-42F5-BDA0-A45E07E30E94}"
EndProject
Project("{FAE04EC0-301F-11D3-BF4B-00C04F79EFBC}") = "Client", "Client\Client.csproj", "{48CD0F52-CBF8-41AD-9120-F231DE9D319B}"
EndProject
Project("{FAE04EC0-301F-11D3-BF4B-00C04F79EFBC}") = "Server", "Server\Server.csproj", "{4F780757-D1AA-4441-BD8C-CF53D53D3947}"
EndProject
Global
	GlobalSection(SolutionConfigurationPlatforms) = preSolution
		Debug|Any CPU = Debug|Any CPU
		Release|Any CPU = Release|Any CPU
	EndGlobalSection
	GlobalSection(ProjectConfigurationPlatforms) = postSolution
		{0FB43BBC-41CA-42F5-BDA0-A45E07E30E94}.Debug|Any CPU.ActiveCfg = Debug|Any CPU
		{0FB43BBC-41CA-42F5-BDA0-A45E07E30E94}.Debug|Any CPU.Build.0 = Debug|Any CPU
		{0FB43BBC-41CA-42F5-BDA0-A45E07E30E94}.Release|Any CPU.ActiveCfg = Release|Any CPU
		{0FB43BBC-41CA-42F5-BDA0-A45E07E30E94}.Release|Any CPU.Build.0 = Release|Any CPU
		{48CD0F52-CBF8-41AD-9120-F231DE9D319B}.Debug|Any CPU.ActiveCfg = Debug|Any CPU
		{48CD0F52-CBF8-41AD-9120-F231DE9D319B}.Debug|Any CPU.Build.0 = Debug|Any CPU
		{48CD0F52-CBF8-41AD-9120-F231DE9D319B}.Release|Any CPU.ActiveCfg = Release|Any CPU
		{48CD0F52-CBF8-41AD-9120-F231DE9D319B}.Release|Any CPU.Build.0 = Release|Any CPU
		{4F780757-D1AA-4441-BD8C-CF53D53D3947}.Debug|Any CPU.ActiveCfg = Debug|Any CPU
		{4F780757-D1AA-4441-BD8C-CF53D53D3947}.Debug|Any CPU.Build.0 = Debug|Any CPU
		{4F780757-D1AA-4441-BD8C-CF53D53D3947}.Release|Any CPU.ActiveCfg = Release|Any CPU
		{4F780757-D1AA-4441-BD8C-CF53D53D3947}.Release|Any CPU.Build.0 = Release|Any CPU
	EndGlobalSection
	GlobalSection(SolutionProperties) = preSolution
		HideSolutionNode = FALSE
	EndGlobalSection
	GlobalSection(ExtensibilityGlobals) = postSolution
		SolutionGuid = {72E44B9F-5447-49CB-B552-615B47906CEA}
	EndGlobalSection
EndGlobal
